
Microsoft Visual Studio Solution File, Format Version 12.00
# Visual Studio Version 16
VisualStudioVersion = 16.0.30804.86
MinimumVisualStudioVersion = 10.0.40219.1
Project("{FAE04EC0-301F-11D3-BF4B-00C04F79EFBC}") = "Hahn.ApplicatonProcess.December2020.Web", "Hahn.ApplicatonProcess.December2020.Web\Hahn.ApplicatonProcess.December2020.Web.csproj", "{2F3E36A9-B196-44EA-9FD6-A593C6FAFC2D}"
EndProject
Project("{FAE04EC0-301F-11D3-BF4B-00C04F79EFBC}") = "Hahn.ApplicatonProcess.December2020.Domain", "Hahn.ApplicatonProcess.December2020.Domain\Hahn.ApplicatonProcess.December2020.Domain.csproj", "{FE3ED364-5BEA-4C02-B739-622B63CE90F5}"
EndProject
Project("{FAE04EC0-301F-11D3-BF4B-00C04F79EFBC}") = "Hahn.ApplicatonProcess.December2020.Data", "Hahn.ApplicatonProcess.December2020.Data\Hahn.ApplicatonProcess.December2020.Data.csproj", "{5E32EE56-3283-40CE-A6E6-C5173EB166BE}"
EndProject
Global
	GlobalSection(SolutionConfigurationPlatforms) = preSolution
		Debug|Any CPU = Debug|Any CPU
		Release|Any CPU = Release|Any CPU
	EndGlobalSection
	GlobalSection(ProjectConfigurationPlatforms) = postSolution
		{2F3E36A9-B196-44EA-9FD6-A593C6FAFC2D}.Debug|Any CPU.ActiveCfg = Debug|Any CPU
		{2F3E36A9-B196-44EA-9FD6-A593C6FAFC2D}.Debug|Any CPU.Build.0 = Debug|Any CPU
		{2F3E36A9-B196-44EA-9FD6-A593C6FAFC2D}.Release|Any CPU.ActiveCfg = Release|Any CPU
		{2F3E36A9-B196-44EA-9FD6-A593C6FAFC2D}.Release|Any CPU.Build.0 = Release|Any CPU
		{FE3ED364-5BEA-4C02-B739-622B63CE90F5}.Debug|Any CPU.ActiveCfg = Debug|Any CPU
		{FE3ED364-5BEA-4C02-B739-622B63CE90F5}.Debug|Any CPU.Build.0 = Debug|Any CPU
		{FE3ED364-5BEA-4C02-B739-622B63CE90F5}.Release|Any CPU.ActiveCfg = Release|Any CPU
		{FE3ED364-5BEA-4C02-B739-622B63CE90F5}.Release|Any CPU.Build.0 = Release|Any CPU
		{5E32EE56-3283-40CE-A6E6-C5173EB166BE}.Debug|Any CPU.ActiveCfg = Debug|Any CPU
		{5E32EE56-3283-40CE-A6E6-C5173EB166BE}.Debug|Any CPU.Build.0 = Debug|Any CPU
		{5E32EE56-3283-40CE-A6E6-C5173EB166BE}.Release|Any CPU.ActiveCfg = Release|Any CPU
		{5E32EE56-3283-40CE-A6E6-C5173EB166BE}.Release|Any CPU.Build.0 = Release|Any CPU
	EndGlobalSection
	GlobalSection(SolutionProperties) = preSolution
		HideSolutionNode = FALSE
	EndGlobalSection
	GlobalSection(ExtensibilityGlobals) = postSolution
		SolutionGuid = {A5A94F25-54C9-41FC-8E2C-7BE5869F2534}
	EndGlobalSection
EndGlobal
